
Microsoft Visual Studio Solution File, Format Version 12.00
# Visual Studio Version 16
VisualStudioVersion = 16.0.29418.71
MinimumVisualStudioVersion = 10.0.40219.1
Project("{FAE04EC0-301F-11D3-BF4B-00C04F79EFBC}") = "client", "client\client.csproj", "{C706D710-B55A-41DC-BA85-F798820DC55C}"
EndProject
Project("{FAE04EC0-301F-11D3-BF4B-00C04F79EFBC}") = "server", "server\server.csproj", "{108AE5B8-DB85-43E7-AED0-C69FEDCCEEDF}"
EndProject
Project("{2150E333-8FDC-42A3-9474-1A3956D46DE8}") = "proto", "proto", "{9C5D8D3E-1D24-48BC-8DB4-D83300B8302E}"
	ProjectSection(SolutionItems) = preProject
		average.proto = average.proto
	EndProjectSection
EndProject
Global
	GlobalSection(SolutionConfigurationPlatforms) = preSolution
		Debug|Any CPU = Debug|Any CPU
		Release|Any CPU = Release|Any CPU
	EndGlobalSection
	GlobalSection(ProjectConfigurationPlatforms) = postSolution
		{C706D710-B55A-41DC-BA85-F798820DC55C}.Debug|Any CPU.ActiveCfg = Debug|Any CPU
		{C706D710-B55A-41DC-BA85-F798820DC55C}.Debug|Any CPU.Build.0 = Debug|Any CPU
		{C706D710-B55A-41DC-BA85-F798820DC55C}.Release|Any CPU.ActiveCfg = Release|Any CPU
		{C706D710-B55A-41DC-BA85-F798820DC55C}.Release|Any CPU.Build.0 = Release|Any CPU
		{108AE5B8-DB85-43E7-AED0-C69FEDCCEEDF}.Debug|Any CPU.ActiveCfg = Debug|Any CPU
		{108AE5B8-DB85-43E7-AED0-C69FEDCCEEDF}.Debug|Any CPU.Build.0 = Debug|Any CPU
		{108AE5B8-DB85-43E7-AED0-C69FEDCCEEDF}.Release|Any CPU.ActiveCfg = Release|Any CPU
		{108AE5B8-DB85-43E7-AED0-C69FEDCCEEDF}.Release|Any CPU.Build.0 = Release|Any CPU
	EndGlobalSection
	GlobalSection(SolutionProperties) = preSolution
		HideSolutionNode = FALSE
	EndGlobalSection
	GlobalSection(ExtensibilityGlobals) = postSolution
		SolutionGuid = {2D5BD117-4C0E-48A1-9F5B-C5B9F34116CF}
	EndGlobalSection
EndGlobal
