
Microsoft Visual Studio Solution File, Format Version 12.00
# Visual Studio Version 16
VisualStudioVersion = 16.0.29411.108
MinimumVisualStudioVersion = 10.0.40219.1
Project("{2150E333-8FDC-42A3-9474-1A3956D46DE8}") = "proto", "proto", "{AD19FA01-EA39-412D-B0F7-E8CF4E21080B}"
	ProjectSection(SolutionItems) = preProject
		calculator.proto = calculator.proto
	EndProjectSection
EndProject
Project("{FAE04EC0-301F-11D3-BF4B-00C04F79EFBC}") = "client", "client\client.csproj", "{BAB76262-3B4D-4E1E-AC0A-C31874976C99}"
EndProject
Project("{FAE04EC0-301F-11D3-BF4B-00C04F79EFBC}") = "server", "server\server.csproj", "{2DD46579-E85A-4455-827C-248DE906B148}"
EndProject
Global
	GlobalSection(SolutionConfigurationPlatforms) = preSolution
		Debug|Any CPU = Debug|Any CPU
		Release|Any CPU = Release|Any CPU
	EndGlobalSection
	GlobalSection(ProjectConfigurationPlatforms) = postSolution
		{BAB76262-3B4D-4E1E-AC0A-C31874976C99}.Debug|Any CPU.ActiveCfg = Debug|Any CPU
		{BAB76262-3B4D-4E1E-AC0A-C31874976C99}.Debug|Any CPU.Build.0 = Debug|Any CPU
		{BAB76262-3B4D-4E1E-AC0A-C31874976C99}.Release|Any CPU.ActiveCfg = Release|Any CPU
		{BAB76262-3B4D-4E1E-AC0A-C31874976C99}.Release|Any CPU.Build.0 = Release|Any CPU
		{2DD46579-E85A-4455-827C-248DE906B148}.Debug|Any CPU.ActiveCfg = Debug|Any CPU
		{2DD46579-E85A-4455-827C-248DE906B148}.Debug|Any CPU.Build.0 = Debug|Any CPU
		{2DD46579-E85A-4455-827C-248DE906B148}.Release|Any CPU.ActiveCfg = Release|Any CPU
		{2DD46579-E85A-4455-827C-248DE906B148}.Release|Any CPU.Build.0 = Release|Any CPU
	EndGlobalSection
	GlobalSection(SolutionProperties) = preSolution
		HideSolutionNode = FALSE
	EndGlobalSection
	GlobalSection(ExtensibilityGlobals) = postSolution
		SolutionGuid = {9A5DA9DD-9124-4642-AB25-6CFCF8040D30}
	EndGlobalSection
EndGlobal
