
Microsoft Visual Studio Solution File, Format Version 12.00
# Visual Studio Version 16
VisualStudioVersion = 16.0.29424.173
MinimumVisualStudioVersion = 10.0.40219.1
Project("{2150E333-8FDC-42A3-9474-1A3956D46DE8}") = "proto", "proto", "{89BBEC49-C33B-40B4-9ABE-129A6839DA2D}"
	ProjectSection(SolutionItems) = preProject
		greeting.proto = greeting.proto
	EndProjectSection
EndProject
Project("{9A19103F-16F7-4668-BE54-9A1E7A4F7556}") = "client", "client\client.csproj", "{CC3B7298-69DE-4F9B-BB39-EE9B9A12C51F}"
EndProject
Project("{9A19103F-16F7-4668-BE54-9A1E7A4F7556}") = "server", "server\server.csproj", "{51AF59DA-8554-4113-819C-014E0256D3A5}"
EndProject
Project("{2150E333-8FDC-42A3-9474-1A3956D46DE8}") = "Solution Items", "Solution Items", "{60BFEE64-D752-431A-94C6-1453EA0F0CA4}"
	ProjectSection(SolutionItems) = preProject
		ssl.sh = ssl.sh
	EndProjectSection
EndProject
Global
	GlobalSection(SolutionConfigurationPlatforms) = preSolution
		Debug|Any CPU = Debug|Any CPU
		Release|Any CPU = Release|Any CPU
	EndGlobalSection
	GlobalSection(ProjectConfigurationPlatforms) = postSolution
		{CC3B7298-69DE-4F9B-BB39-EE9B9A12C51F}.Debug|Any CPU.ActiveCfg = Debug|Any CPU
		{CC3B7298-69DE-4F9B-BB39-EE9B9A12C51F}.Debug|Any CPU.Build.0 = Debug|Any CPU
		{CC3B7298-69DE-4F9B-BB39-EE9B9A12C51F}.Release|Any CPU.ActiveCfg = Release|Any CPU
		{CC3B7298-69DE-4F9B-BB39-EE9B9A12C51F}.Release|Any CPU.Build.0 = Release|Any CPU
		{51AF59DA-8554-4113-819C-014E0256D3A5}.Debug|Any CPU.ActiveCfg = Debug|Any CPU
		{51AF59DA-8554-4113-819C-014E0256D3A5}.Debug|Any CPU.Build.0 = Debug|Any CPU
		{51AF59DA-8554-4113-819C-014E0256D3A5}.Release|Any CPU.ActiveCfg = Release|Any CPU
		{51AF59DA-8554-4113-819C-014E0256D3A5}.Release|Any CPU.Build.0 = Release|Any CPU
	EndGlobalSection
	GlobalSection(SolutionProperties) = preSolution
		HideSolutionNode = FALSE
	EndGlobalSection
	GlobalSection(ExtensibilityGlobals) = postSolution
		SolutionGuid = {8B315B5E-C5A6-4875-A554-2D073CEBDACD}
	EndGlobalSection
EndGlobal
