
Microsoft Visual Studio Solution File, Format Version 12.00
# Visual Studio Version 16
VisualStudioVersion = 16.0.29424.173
MinimumVisualStudioVersion = 10.0.40219.1
Project("{9A19103F-16F7-4668-BE54-9A1E7A4F7556}") = "client", "client\client.csproj", "{5E028208-9CF1-4E08-B7AB-F59A41C1A2C7}"
EndProject
Project("{9A19103F-16F7-4668-BE54-9A1E7A4F7556}") = "server", "server\server.csproj", "{950BEE2F-555C-4377-95C0-3A3D432C156F}"
EndProject
Project("{2150E333-8FDC-42A3-9474-1A3956D46DE8}") = "proto", "proto", "{E32C338F-FE02-4683-964F-F7ADEE94BE98}"
	ProjectSection(SolutionItems) = preProject
		blog.proto = blog.proto
	EndProjectSection
EndProject
Global
	GlobalSection(SolutionConfigurationPlatforms) = preSolution
		Debug|Any CPU = Debug|Any CPU
		Release|Any CPU = Release|Any CPU
	EndGlobalSection
	GlobalSection(ProjectConfigurationPlatforms) = postSolution
		{5E028208-9CF1-4E08-B7AB-F59A41C1A2C7}.Debug|Any CPU.ActiveCfg = Debug|Any CPU
		{5E028208-9CF1-4E08-B7AB-F59A41C1A2C7}.Debug|Any CPU.Build.0 = Debug|Any CPU
		{5E028208-9CF1-4E08-B7AB-F59A41C1A2C7}.Release|Any CPU.ActiveCfg = Release|Any CPU
		{5E028208-9CF1-4E08-B7AB-F59A41C1A2C7}.Release|Any CPU.Build.0 = Release|Any CPU
		{950BEE2F-555C-4377-95C0-3A3D432C156F}.Debug|Any CPU.ActiveCfg = Debug|Any CPU
		{950BEE2F-555C-4377-95C0-3A3D432C156F}.Debug|Any CPU.Build.0 = Debug|Any CPU
		{950BEE2F-555C-4377-95C0-3A3D432C156F}.Release|Any CPU.ActiveCfg = Release|Any CPU
		{950BEE2F-555C-4377-95C0-3A3D432C156F}.Release|Any CPU.Build.0 = Release|Any CPU
	EndGlobalSection
	GlobalSection(SolutionProperties) = preSolution
		HideSolutionNode = FALSE
	EndGlobalSection
	GlobalSection(ExtensibilityGlobals) = postSolution
		SolutionGuid = {4C29B29A-C44B-46D2-B728-1B9FB874BDFF}
	EndGlobalSection
EndGlobal
