
Microsoft Visual Studio Solution File, Format Version 12.00
# Visual Studio Version 16
VisualStudioVersion = 16.0.29424.173
MinimumVisualStudioVersion = 10.0.40219.1
Project("{2150E333-8FDC-42A3-9474-1A3956D46DE8}") = "proto", "proto", "{A52EA17B-A7FB-4F72-A8CF-7C054EB20CE7}"
	ProjectSection(SolutionItems) = preProject
		max.proto = max.proto
	EndProjectSection
EndProject
Project("{FAE04EC0-301F-11D3-BF4B-00C04F79EFBC}") = "client", "client\client.csproj", "{9A7ED956-38AE-4A85-9467-CC0A36E5B5B9}"
EndProject
Project("{FAE04EC0-301F-11D3-BF4B-00C04F79EFBC}") = "server", "server\server.csproj", "{91D2A2C6-00C1-4F21-B087-38F20D07FE02}"
EndProject
Global
	GlobalSection(SolutionConfigurationPlatforms) = preSolution
		Debug|Any CPU = Debug|Any CPU
		Release|Any CPU = Release|Any CPU
	EndGlobalSection
	GlobalSection(ProjectConfigurationPlatforms) = postSolution
		{9A7ED956-38AE-4A85-9467-CC0A36E5B5B9}.Debug|Any CPU.ActiveCfg = Debug|Any CPU
		{9A7ED956-38AE-4A85-9467-CC0A36E5B5B9}.Debug|Any CPU.Build.0 = Debug|Any CPU
		{9A7ED956-38AE-4A85-9467-CC0A36E5B5B9}.Release|Any CPU.ActiveCfg = Release|Any CPU
		{9A7ED956-38AE-4A85-9467-CC0A36E5B5B9}.Release|Any CPU.Build.0 = Release|Any CPU
		{91D2A2C6-00C1-4F21-B087-38F20D07FE02}.Debug|Any CPU.ActiveCfg = Debug|Any CPU
		{91D2A2C6-00C1-4F21-B087-38F20D07FE02}.Debug|Any CPU.Build.0 = Debug|Any CPU
		{91D2A2C6-00C1-4F21-B087-38F20D07FE02}.Release|Any CPU.ActiveCfg = Release|Any CPU
		{91D2A2C6-00C1-4F21-B087-38F20D07FE02}.Release|Any CPU.Build.0 = Release|Any CPU
	EndGlobalSection
	GlobalSection(SolutionProperties) = preSolution
		HideSolutionNode = FALSE
	EndGlobalSection
	GlobalSection(ExtensibilityGlobals) = postSolution
		SolutionGuid = {81089C85-88D3-4FA5-81A3-C30301C760EF}
	EndGlobalSection
EndGlobal
